
Microsoft Visual Studio Solution File, Format Version 12.00
# Visual Studio Version 17
VisualStudioVersion = 17.1.32421.90
MinimumVisualStudioVersion = 10.0.40219.1
Project("{2150E333-8FDC-42A3-9474-1A3956D46DE8}") = "root", "root", "{7B1EF928-A1D6-4BAE-A4CD-1D48A18101FF}"
	ProjectSection(SolutionItems) = preProject
		.gitignore = .gitignore
		.github\workflows\dotnet.yml = .github\workflows\dotnet.yml
	EndProjectSection
EndProject
Project("{9A19103F-16F7-4668-BE54-9A1E7A4F7556}") = "NRun.Core", "src\NRun.Core\NRun.Core.csproj", "{8A57535F-2AFC-4275-877C-9EB1C6DCBFBE}"
EndProject
Project("{9A19103F-16F7-4668-BE54-9A1E7A4F7556}") = "NRun.WindowsService", "src\NRun.WindowsService\NRun.WindowsService.csproj", "{FBCC321C-D687-4521-8E2C-9B95413B97CA}"
EndProject
Project("{9A19103F-16F7-4668-BE54-9A1E7A4F7556}") = "WindowsServiceExample", "examples\WindowsServiceExample\WindowsServiceExample.csproj", "{B0F0F162-5B58-470F-97A3-6463829861AE}"
EndProject
Project("{2150E333-8FDC-42A3-9474-1A3956D46DE8}") = "Examples", "Examples", "{239778D7-5083-427B-B4F7-59BA57A79CDE}"
EndProject
Project("{9A19103F-16F7-4668-BE54-9A1E7A4F7556}") = "NRun.ConsoleApp", "src\NRun.ConsoleApp\NRun.ConsoleApp.csproj", "{1613FBFD-922F-4F24-88E8-580D583803C4}"
EndProject
Project("{9A19103F-16F7-4668-BE54-9A1E7A4F7556}") = "NRun.Testing", "src\NRun.Testing\NRun.Testing.csproj", "{11810527-F8CC-4E55-97B9-71F523ECF706}"
EndProject
Project("{9A19103F-16F7-4668-BE54-9A1E7A4F7556}") = "NRun.Core.UnitTests", "src\NRun.Core.UnitTests\NRun.Core.UnitTests.csproj", "{25A0BDDC-200D-4315-8417-0D3B51F30297}"
EndProject
Project("{9A19103F-16F7-4668-BE54-9A1E7A4F7556}") = "NRun.ConsoleApp.UnitTests", "src\NRun.ConsoleApp.UnitTests\NRun.ConsoleApp.UnitTests.csproj", "{D4FD6D14-34E6-4872-BC2F-820D79345E94}"
EndProject
Global
	GlobalSection(SolutionConfigurationPlatforms) = preSolution
		Debug|Any CPU = Debug|Any CPU
		Release|Any CPU = Release|Any CPU
	EndGlobalSection
	GlobalSection(ProjectConfigurationPlatforms) = postSolution
		{8A57535F-2AFC-4275-877C-9EB1C6DCBFBE}.Debug|Any CPU.ActiveCfg = Debug|Any CPU
		{8A57535F-2AFC-4275-877C-9EB1C6DCBFBE}.Debug|Any CPU.Build.0 = Debug|Any CPU
		{8A57535F-2AFC-4275-877C-9EB1C6DCBFBE}.Release|Any CPU.ActiveCfg = Release|Any CPU
		{8A57535F-2AFC-4275-877C-9EB1C6DCBFBE}.Release|Any CPU.Build.0 = Release|Any CPU
		{FBCC321C-D687-4521-8E2C-9B95413B97CA}.Debug|Any CPU.ActiveCfg = Debug|Any CPU
		{FBCC321C-D687-4521-8E2C-9B95413B97CA}.Debug|Any CPU.Build.0 = Debug|Any CPU
		{FBCC321C-D687-4521-8E2C-9B95413B97CA}.Release|Any CPU.ActiveCfg = Release|Any CPU
		{FBCC321C-D687-4521-8E2C-9B95413B97CA}.Release|Any CPU.Build.0 = Release|Any CPU
		{B0F0F162-5B58-470F-97A3-6463829861AE}.Debug|Any CPU.ActiveCfg = Debug|Any CPU
		{B0F0F162-5B58-470F-97A3-6463829861AE}.Debug|Any CPU.Build.0 = Debug|Any CPU
		{B0F0F162-5B58-470F-97A3-6463829861AE}.Release|Any CPU.ActiveCfg = Release|Any CPU
		{B0F0F162-5B58-470F-97A3-6463829861AE}.Release|Any CPU.Build.0 = Release|Any CPU
		{1613FBFD-922F-4F24-88E8-580D583803C4}.Debug|Any CPU.ActiveCfg = Debug|Any CPU
		{1613FBFD-922F-4F24-88E8-580D583803C4}.Debug|Any CPU.Build.0 = Debug|Any CPU
		{1613FBFD-922F-4F24-88E8-580D583803C4}.Release|Any CPU.ActiveCfg = Release|Any CPU
		{1613FBFD-922F-4F24-88E8-580D583803C4}.Release|Any CPU.Build.0 = Release|Any CPU
		{11810527-F8CC-4E55-97B9-71F523ECF706}.Debug|Any CPU.ActiveCfg = Debug|Any CPU
		{11810527-F8CC-4E55-97B9-71F523ECF706}.Debug|Any CPU.Build.0 = Debug|Any CPU
		{11810527-F8CC-4E55-97B9-71F523ECF706}.Release|Any CPU.ActiveCfg = Release|Any CPU
		{11810527-F8CC-4E55-97B9-71F523ECF706}.Release|Any CPU.Build.0 = Release|Any CPU
		{25A0BDDC-200D-4315-8417-0D3B51F30297}.Debug|Any CPU.ActiveCfg = Debug|Any CPU
		{25A0BDDC-200D-4315-8417-0D3B51F30297}.Debug|Any CPU.Build.0 = Debug|Any CPU
		{25A0BDDC-200D-4315-8417-0D3B51F30297}.Release|Any CPU.ActiveCfg = Release|Any CPU
		{25A0BDDC-200D-4315-8417-0D3B51F30297}.Release|Any CPU.Build.0 = Release|Any CPU
		{D4FD6D14-34E6-4872-BC2F-820D79345E94}.Debug|Any CPU.ActiveCfg = Debug|Any CPU
		{D4FD6D14-34E6-4872-BC2F-820D79345E94}.Debug|Any CPU.Build.0 = Debug|Any CPU
		{D4FD6D14-34E6-4872-BC2F-820D79345E94}.Release|Any CPU.ActiveCfg = Release|Any CPU
		{D4FD6D14-34E6-4872-BC2F-820D79345E94}.Release|Any CPU.Build.0 = Release|Any CPU
	EndGlobalSection
	GlobalSection(SolutionProperties) = preSolution
		HideSolutionNode = FALSE
	EndGlobalSection
	GlobalSection(NestedProjects) = preSolution
		{B0F0F162-5B58-470F-97A3-6463829861AE} = {239778D7-5083-427B-B4F7-59BA57A79CDE}
	EndGlobalSection
	GlobalSection(ExtensibilityGlobals) = postSolution
		SolutionGuid = {01FD95EB-39D4-4E7D-B3C2-1756D0C54AE0}
	EndGlobalSection
EndGlobal
