
Microsoft Visual Studio Solution File, Format Version 12.00
# Visual Studio 15
VisualStudioVersion = 15.0.27130.2010
MinimumVisualStudioVersion = 10.0.40219.1
Project("{2150E333-8FDC-42A3-9474-1A3956D46DE8}") = "root", "root", "{7B1EF928-A1D6-4BAE-A4CD-1D48A18101FF}"
	ProjectSection(SolutionItems) = preProject
		.gitignore = .gitignore
		build.cake = build.cake
		build.ps1 = build.ps1
	EndProjectSection
EndProject
Project("{9A19103F-16F7-4668-BE54-9A1E7A4F7556}") = "NRun.Core", "src\NRun.Core\NRun.Core.csproj", "{8A57535F-2AFC-4275-877C-9EB1C6DCBFBE}"
EndProject
Project("{9A19103F-16F7-4668-BE54-9A1E7A4F7556}") = "NRun.Core.UnitTests", "tests\NRun.Core.UnitTests\NRun.Core.UnitTests.csproj", "{3A1F9443-ADCC-47D0-AB39-5248C680E4E7}"
EndProject
Project("{9A19103F-16F7-4668-BE54-9A1E7A4F7556}") = "NRun.WindowsService", "src\NRun.WindowsService\NRun.WindowsService.csproj", "{FBCC321C-D687-4521-8E2C-9B95413B97CA}"
EndProject
Global
	GlobalSection(SolutionConfigurationPlatforms) = preSolution
		Debug|Any CPU = Debug|Any CPU
		Release|Any CPU = Release|Any CPU
	EndGlobalSection
	GlobalSection(ProjectConfigurationPlatforms) = postSolution
		{8A57535F-2AFC-4275-877C-9EB1C6DCBFBE}.Debug|Any CPU.ActiveCfg = Debug|Any CPU
		{8A57535F-2AFC-4275-877C-9EB1C6DCBFBE}.Debug|Any CPU.Build.0 = Debug|Any CPU
		{8A57535F-2AFC-4275-877C-9EB1C6DCBFBE}.Release|Any CPU.ActiveCfg = Release|Any CPU
		{8A57535F-2AFC-4275-877C-9EB1C6DCBFBE}.Release|Any CPU.Build.0 = Release|Any CPU
		{3A1F9443-ADCC-47D0-AB39-5248C680E4E7}.Debug|Any CPU.ActiveCfg = Debug|Any CPU
		{3A1F9443-ADCC-47D0-AB39-5248C680E4E7}.Debug|Any CPU.Build.0 = Debug|Any CPU
		{3A1F9443-ADCC-47D0-AB39-5248C680E4E7}.Release|Any CPU.ActiveCfg = Release|Any CPU
		{3A1F9443-ADCC-47D0-AB39-5248C680E4E7}.Release|Any CPU.Build.0 = Release|Any CPU
		{FBCC321C-D687-4521-8E2C-9B95413B97CA}.Debug|Any CPU.ActiveCfg = Debug|Any CPU
		{FBCC321C-D687-4521-8E2C-9B95413B97CA}.Debug|Any CPU.Build.0 = Debug|Any CPU
		{FBCC321C-D687-4521-8E2C-9B95413B97CA}.Release|Any CPU.ActiveCfg = Release|Any CPU
		{FBCC321C-D687-4521-8E2C-9B95413B97CA}.Release|Any CPU.Build.0 = Release|Any CPU
	EndGlobalSection
	GlobalSection(SolutionProperties) = preSolution
		HideSolutionNode = FALSE
	EndGlobalSection
	GlobalSection(ExtensibilityGlobals) = postSolution
		SolutionGuid = {01FD95EB-39D4-4E7D-B3C2-1756D0C54AE0}
	EndGlobalSection
EndGlobal
